
Microsoft Visual Studio Solution File, Format Version 12.00
# Visual Studio Version 17
VisualStudioVersion = 17.0.31912.275
MinimumVisualStudioVersion = 10.0.40219.1
Project("{FAE04EC0-301F-11D3-BF4B-00C04F79EFBC}") = "DatingApplication.Server", "DatingApplication\Server\DatingApplication.Server.csproj", "{242734B8-F95D-4D90-A550-EB995637DDA1}"
EndProject
Project("{FAE04EC0-301F-11D3-BF4B-00C04F79EFBC}") = "DatingApplication.Client", "DatingApplication\Client\DatingApplication.Client.csproj", "{5D39A104-4872-4776-9090-9BD2EB57B770}"
EndProject
Project("{FAE04EC0-301F-11D3-BF4B-00C04F79EFBC}") = "DatingApplication.Shared", "DatingApplication\Shared\DatingApplication.Shared.csproj", "{6456E513-E345-4679-B72F-D08737D5DF29}"
EndProject
Global
	GlobalSection(SolutionConfigurationPlatforms) = preSolution
		Debug|Any CPU = Debug|Any CPU
		Release|Any CPU = Release|Any CPU
	EndGlobalSection
	GlobalSection(ProjectConfigurationPlatforms) = postSolution
		{242734B8-F95D-4D90-A550-EB995637DDA1}.Debug|Any CPU.ActiveCfg = Debug|Any CPU
		{242734B8-F95D-4D90-A550-EB995637DDA1}.Debug|Any CPU.Build.0 = Debug|Any CPU
		{242734B8-F95D-4D90-A550-EB995637DDA1}.Release|Any CPU.ActiveCfg = Release|Any CPU
		{242734B8-F95D-4D90-A550-EB995637DDA1}.Release|Any CPU.Build.0 = Release|Any CPU
		{5D39A104-4872-4776-9090-9BD2EB57B770}.Debug|Any CPU.ActiveCfg = Debug|Any CPU
		{5D39A104-4872-4776-9090-9BD2EB57B770}.Debug|Any CPU.Build.0 = Debug|Any CPU
		{5D39A104-4872-4776-9090-9BD2EB57B770}.Release|Any CPU.ActiveCfg = Release|Any CPU
		{5D39A104-4872-4776-9090-9BD2EB57B770}.Release|Any CPU.Build.0 = Release|Any CPU
		{6456E513-E345-4679-B72F-D08737D5DF29}.Debug|Any CPU.ActiveCfg = Debug|Any CPU
		{6456E513-E345-4679-B72F-D08737D5DF29}.Debug|Any CPU.Build.0 = Debug|Any CPU
		{6456E513-E345-4679-B72F-D08737D5DF29}.Release|Any CPU.ActiveCfg = Release|Any CPU
		{6456E513-E345-4679-B72F-D08737D5DF29}.Release|Any CPU.Build.0 = Release|Any CPU
	EndGlobalSection
	GlobalSection(SolutionProperties) = preSolution
		HideSolutionNode = FALSE
	EndGlobalSection
	GlobalSection(ExtensibilityGlobals) = postSolution
		SolutionGuid = {BC8EBA32-370A-424E-911D-11E115382DFD}
	EndGlobalSection
EndGlobal
